
Microsoft Visual Studio Solution File, Format Version 12.00
# Visual Studio Version 17
VisualStudioVersion = 17.6.33815.320
MinimumVisualStudioVersion = 10.0.40219.1
Project("{FAE04EC0-301F-11D3-BF4B-00C04F79EFBC}") = "VGCApp", "VGCApp\VGCApp.csproj", "{7843C160-D64B-4ABC-8F34-70A4D0CE6ABE}"
EndProject
Global
	GlobalSection(SolutionConfigurationPlatforms) = preSolution
		Debug|Any CPU = Debug|Any CPU
		Release|Any CPU = Release|Any CPU
	EndGlobalSection
	GlobalSection(ProjectConfigurationPlatforms) = postSolution
		{7843C160-D64B-4ABC-8F34-70A4D0CE6ABE}.Debug|Any CPU.ActiveCfg = Debug|Any CPU
		{7843C160-D64B-4ABC-8F34-70A4D0CE6ABE}.Debug|Any CPU.Build.0 = Debug|Any CPU
		{7843C160-D64B-4ABC-8F34-70A4D0CE6ABE}.Release|Any CPU.ActiveCfg = Release|Any CPU
		{7843C160-D64B-4ABC-8F34-70A4D0CE6ABE}.Release|Any CPU.Build.0 = Release|Any CPU
	EndGlobalSection
	GlobalSection(SolutionProperties) = preSolution
		HideSolutionNode = FALSE
	EndGlobalSection
	GlobalSection(ExtensibilityGlobals) = postSolution
		SolutionGuid = {A48EC42D-C2ED-4BEE-AC01-5A4E887779AB}
	EndGlobalSection
EndGlobal
